
Microsoft Visual Studio Solution File, Format Version 12.00
# Visual Studio Version 17
VisualStudioVersion = 17.0.31903.59
MinimumVisualStudioVersion = 10.0.40219.1
Project("{FAE04EC0-301F-11D3-BF4B-00C04F79EFBC}") = "ManageUsers", "src\ManageUsers\ManageUsers.csproj", "{A1B2C3D4-E5F6-7890-ABCD-EF1234567890}"
EndProject
Project("{2150E333-8FDC-42A3-9474-1A3956D46DE8}") = "tests", "tests", "{0AB3BF05-4346-4AA6-1389-037BE0695223}"
EndProject
Project("{FAE04EC0-301F-11D3-BF4B-00C04F79EFBC}") = "ManageUsers.Tests", "tests\ManageUsers.Tests\ManageUsers.Tests.csproj", "{4EA9A26D-44B3-4ADD-B1F3-CB855350D540}"
EndProject
Project("{2150E333-8FDC-42A3-9474-1A3956D46DE8}") = "src", "src", "{827E0CD3-B72D-47B6-A68D-7590B98EB39B}"
EndProject
Project("{FAE04EC0-301F-11D3-BF4B-00C04F79EFBC}") = "ManageUsers.Core", "src\ManageUsers.Core\ManageUsers.Core.csproj", "{235C1109-73C6-4E1D-893E-228ECAE0C5B7}"
EndProject
Project("{FAE04EC0-301F-11D3-BF4B-00C04F79EFBC}") = "ManageUsers.App", "src\ManageUsers.App\ManageUsers.App.csproj", "{A1935484-75A6-4343-9780-0F3E27ED47EE}"
EndProject
Global
	GlobalSection(SolutionConfigurationPlatforms) = preSolution
		Debug|Any CPU = Debug|Any CPU
		Debug|x64 = Debug|x64
		Debug|x86 = Debug|x86
		Release|Any CPU = Release|Any CPU
		Release|x64 = Release|x64
		Release|x86 = Release|x86
	EndGlobalSection
	GlobalSection(ProjectConfigurationPlatforms) = postSolution
		{A1B2C3D4-E5F6-7890-ABCD-EF1234567890}.Debug|Any CPU.ActiveCfg = Debug|Any CPU
		{A1B2C3D4-E5F6-7890-ABCD-EF1234567890}.Debug|Any CPU.Build.0 = Debug|Any CPU
		{A1B2C3D4-E5F6-7890-ABCD-EF1234567890}.Debug|x64.ActiveCfg = Debug|Any CPU
		{A1B2C3D4-E5F6-7890-ABCD-EF1234567890}.Debug|x64.Build.0 = Debug|Any CPU
		{A1B2C3D4-E5F6-7890-ABCD-EF1234567890}.Debug|x86.ActiveCfg = Debug|Any CPU
		{A1B2C3D4-E5F6-7890-ABCD-EF1234567890}.Debug|x86.Build.0 = Debug|Any CPU
		{A1B2C3D4-E5F6-7890-ABCD-EF1234567890}.Release|Any CPU.ActiveCfg = Release|Any CPU
		{A1B2C3D4-E5F6-7890-ABCD-EF1234567890}.Release|Any CPU.Build.0 = Release|Any CPU
		{A1B2C3D4-E5F6-7890-ABCD-EF1234567890}.Release|x64.ActiveCfg = Release|Any CPU
		{A1B2C3D4-E5F6-7890-ABCD-EF1234567890}.Release|x64.Build.0 = Release|Any CPU
		{A1B2C3D4-E5F6-7890-ABCD-EF1234567890}.Release|x86.ActiveCfg = Release|Any CPU
		{A1B2C3D4-E5F6-7890-ABCD-EF1234567890}.Release|x86.Build.0 = Release|Any CPU
		{4EA9A26D-44B3-4ADD-B1F3-CB855350D540}.Debug|Any CPU.ActiveCfg = Debug|Any CPU
		{4EA9A26D-44B3-4ADD-B1F3-CB855350D540}.Debug|Any CPU.Build.0 = Debug|Any CPU
		{4EA9A26D-44B3-4ADD-B1F3-CB855350D540}.Debug|x64.ActiveCfg = Debug|Any CPU
		{4EA9A26D-44B3-4ADD-B1F3-CB855350D540}.Debug|x64.Build.0 = Debug|Any CPU
		{4EA9A26D-44B3-4ADD-B1F3-CB855350D540}.Debug|x86.ActiveCfg = Debug|Any CPU
		{4EA9A26D-44B3-4ADD-B1F3-CB855350D540}.Debug|x86.Build.0 = Debug|Any CPU
		{4EA9A26D-44B3-4ADD-B1F3-CB855350D540}.Release|Any CPU.ActiveCfg = Release|Any CPU
		{4EA9A26D-44B3-4ADD-B1F3-CB855350D540}.Release|Any CPU.Build.0 = Release|Any CPU
		{4EA9A26D-44B3-4ADD-B1F3-CB855350D540}.Release|x64.ActiveCfg = Release|Any CPU
		{4EA9A26D-44B3-4ADD-B1F3-CB855350D540}.Release|x64.Build.0 = Release|Any CPU
		{4EA9A26D-44B3-4ADD-B1F3-CB855350D540}.Release|x86.ActiveCfg = Release|Any CPU
		{4EA9A26D-44B3-4ADD-B1F3-CB855350D540}.Release|x86.Build.0 = Release|Any CPU
		{235C1109-73C6-4E1D-893E-228ECAE0C5B7}.Debug|Any CPU.ActiveCfg = Debug|Any CPU
		{235C1109-73C6-4E1D-893E-228ECAE0C5B7}.Debug|Any CPU.Build.0 = Debug|Any CPU
		{235C1109-73C6-4E1D-893E-228ECAE0C5B7}.Debug|x64.ActiveCfg = Debug|Any CPU
		{235C1109-73C6-4E1D-893E-228ECAE0C5B7}.Debug|x64.Build.0 = Debug|Any CPU
		{235C1109-73C6-4E1D-893E-228ECAE0C5B7}.Debug|x86.ActiveCfg = Debug|Any CPU
		{235C1109-73C6-4E1D-893E-228ECAE0C5B7}.Debug|x86.Build.0 = Debug|Any CPU
		{235C1109-73C6-4E1D-893E-228ECAE0C5B7}.Release|Any CPU.ActiveCfg = Release|Any CPU
		{235C1109-73C6-4E1D-893E-228ECAE0C5B7}.Release|Any CPU.Build.0 = Release|Any CPU
		{235C1109-73C6-4E1D-893E-228ECAE0C5B7}.Release|x64.ActiveCfg = Release|Any CPU
		{235C1109-73C6-4E1D-893E-228ECAE0C5B7}.Release|x64.Build.0 = Release|Any CPU
		{235C1109-73C6-4E1D-893E-228ECAE0C5B7}.Release|x86.ActiveCfg = Release|Any CPU
		{235C1109-73C6-4E1D-893E-228ECAE0C5B7}.Release|x86.Build.0 = Release|Any CPU
		{A1935484-75A6-4343-9780-0F3E27ED47EE}.Debug|Any CPU.ActiveCfg = Debug|Any CPU
		{A1935484-75A6-4343-9780-0F3E27ED47EE}.Debug|Any CPU.Build.0 = Debug|Any CPU
		{A1935484-75A6-4343-9780-0F3E27ED47EE}.Debug|x64.ActiveCfg = Debug|Any CPU
		{A1935484-75A6-4343-9780-0F3E27ED47EE}.Debug|x64.Build.0 = Debug|Any CPU
		{A1935484-75A6-4343-9780-0F3E27ED47EE}.Debug|x86.ActiveCfg = Debug|Any CPU
		{A1935484-75A6-4343-9780-0F3E27ED47EE}.Debug|x86.Build.0 = Debug|Any CPU
		{A1935484-75A6-4343-9780-0F3E27ED47EE}.Release|Any CPU.ActiveCfg = Release|Any CPU
		{A1935484-75A6-4343-9780-0F3E27ED47EE}.Release|Any CPU.Build.0 = Release|Any CPU
		{A1935484-75A6-4343-9780-0F3E27ED47EE}.Release|x64.ActiveCfg = Release|Any CPU
		{A1935484-75A6-4343-9780-0F3E27ED47EE}.Release|x64.Build.0 = Release|Any CPU
		{A1935484-75A6-4343-9780-0F3E27ED47EE}.Release|x86.ActiveCfg = Release|Any CPU
		{A1935484-75A6-4343-9780-0F3E27ED47EE}.Release|x86.Build.0 = Release|Any CPU
	EndGlobalSection
	GlobalSection(SolutionProperties) = preSolution
		HideSolutionNode = FALSE
	EndGlobalSection
	GlobalSection(NestedProjects) = preSolution
		{4EA9A26D-44B3-4ADD-B1F3-CB855350D540} = {0AB3BF05-4346-4AA6-1389-037BE0695223}
		{235C1109-73C6-4E1D-893E-228ECAE0C5B7} = {827E0CD3-B72D-47B6-A68D-7590B98EB39B}
		{A1935484-75A6-4343-9780-0F3E27ED47EE} = {827E0CD3-B72D-47B6-A68D-7590B98EB39B}
	EndGlobalSection
EndGlobal
